
Microsoft Visual Studio Solution File, Format Version 12.00
# Visual Studio Version 16
VisualStudioVersion = 16.0.30621.155
MinimumVisualStudioVersion = 10.0.40219.1
Project("{8BC9CEB8-8B4A-11D0-8D11-00A0C91BC942}") = "Lab_01", "Lab_01\Lab_01.vcxproj", "{C8B5C46F-8187-4934-A817-E5F823B64067}"
EndProject
Project("{8BC9CEB8-8B4A-11D0-8D11-00A0C91BC942}") = "Lab_02", "LAB_02\LAB_02.vcxproj", "{712BB2F2-E4C0-487C-A500-A014F4E5C0A5}"
EndProject
Project("{8BC9CEB8-8B4A-11D0-8D11-00A0C91BC942}") = "Lab_03", "Lab_03\Lab_03.vcxproj", "{A350F54E-9393-4B20-AE8C-0422EAF8C83F}"
EndProject
Project("{8BC9CEB8-8B4A-11D0-8D11-00A0C91BC942}") = "Lab_03_Q3", "Lab_03_Q3\Lab_03_Q3.vcxproj", "{7F0584F2-8915-4191-A94D-2F1296CBEDD2}"
EndProject
Project("{8BC9CEB8-8B4A-11D0-8D11-00A0C91BC942}") = "Lab_04", "Lab_04\Lab_04.vcxproj", "{6655DA14-3448-4512-9D3A-7A4A1447CEF9}"
EndProject
Project("{8BC9CEB8-8B4A-11D0-8D11-00A0C91BC942}") = "Lab_04_Q4", "Lab_04_Q4\Lab_04_Q4.vcxproj", "{B646BD3F-3956-4255-9978-A62AB6BE6383}"
EndProject
Project("{8BC9CEB8-8B4A-11D0-8D11-00A0C91BC942}") = "Lab_05", "Lab_05\Lab_05.vcxproj", "{6A6919C9-E8C8-4CAC-BCEC-C295DB8E42AC}"
EndProject
Project("{8BC9CEB8-8B4A-11D0-8D11-00A0C91BC942}") = "Lab_05_Q5", "Lab_05_Q5\Lab_05_Q5.vcxproj", "{2FD2C71E-A0F9-428A-8C9F-86B1EA6C64DC}"
EndProject
Project("{2150E333-8FDC-42A3-9474-1A3956D46DE8}") = "05", "05", "{F6FDBA1C-305A-4247-9805-811003B29E10}"
EndProject
Project("{8BC9CEB8-8B4A-11D0-8D11-00A0C91BC942}") = "Lab_05_Q6", "Lab_05_Q6\Lab_05_Q6.vcxproj", "{13542B17-6C81-45E2-9A78-2DBF12A2A37E}"
EndProject
Project("{8BC9CEB8-8B4A-11D0-8D11-00A0C91BC942}") = "Lab_06", "Lab_06\Lab_06.vcxproj", "{1E0A41C5-9E22-4F6F-8F9E-2DF2622BFC18}"
EndProject
Project("{8BC9CEB8-8B4A-11D0-8D11-00A0C91BC942}") = "Lab_07", "Lab_07\Lab_07.vcxproj", "{31F83034-9ACA-4327-816B-FED5C4C0AFED}"
EndProject
Project("{8BC9CEB8-8B4A-11D0-8D11-00A0C91BC942}") = "Lab_08", "Lab_08\Lab_08.vcxproj", "{4241083A-C7E5-458C-866C-02F51B8F5BEE}"
EndProject
Project("{8BC9CEB8-8B4A-11D0-8D11-00A0C91BC942}") = "Lab_09", "Lab_09\Lab_09.vcxproj", "{0BD8849F-5D20-41B5-822B-7E4C906BE793}"
EndProject
Project("{8BC9CEB8-8B4A-11D0-8D11-00A0C91BC942}") = "Lab_10", "Lab_10\Lab_10.vcxproj", "{183A46FF-AFFF-4EBB-B4EC-62A142EA554C}"
EndProject
Project("{8BC9CEB8-8B4A-11D0-8D11-00A0C91BC942}") = "Lab_11", "Lab_11\Lab_11.vcxproj", "{42DB488F-F0FE-4FF3-9FE2-B482DCC664E4}"
EndProject
Project("{2150E333-8FDC-42A3-9474-1A3956D46DE8}") = "03", "03", "{786D375D-4C19-4DAF-A6D4-2830E8CCECDC}"
EndProject
Project("{2150E333-8FDC-42A3-9474-1A3956D46DE8}") = "04", "04", "{FBD0D2E8-A3A7-480A-9D8C-EB06B5C0F932}"
EndProject
Project("{8BC9CEB8-8B4A-11D0-8D11-00A0C91BC942}") = "Lab_11_Q4", "Lab_11_Q4\Lab_11_Q4.vcxproj", "{4D7CB0E9-D2F0-45C0-95D8-DB8745FF8B03}"
EndProject
Project("{8BC9CEB8-8B4A-11D0-8D11-00A0C91BC942}") = "Lab_12", "Lab_12\Lab_12.vcxproj", "{2D5BAC56-F1CF-4C9D-90E5-A31E63C5496E}"
EndProject
Project("{8BC9CEB8-8B4A-11D0-8D11-00A0C91BC942}") = "Lab_13", "Lab_13\Lab_13.vcxproj", "{9AF81E37-8574-4CE7-9C28-A3D40EF3479B}"
EndProject
Project("{8BC9CEB8-8B4A-11D0-8D11-00A0C91BC942}") = "Lab_14", "Lab_14\Lab_14.vcxproj", "{45430199-55F7-462A-A4E5-35C7FE47F0E8}"
EndProject
Project("{8BC9CEB8-8B4A-11D0-8D11-00A0C91BC942}") = "test", "test\test.vcxproj", "{AFC8CBE9-8C89-407F-BEB3-999F920CC4AF}"
EndProject
Global
	GlobalSection(SolutionConfigurationPlatforms) = preSolution
		Debug|x64 = Debug|x64
		Debug|x86 = Debug|x86
		Release|x64 = Release|x64
		Release|x86 = Release|x86
	EndGlobalSection
	GlobalSection(ProjectConfigurationPlatforms) = postSolution
		{C8B5C46F-8187-4934-A817-E5F823B64067}.Debug|x64.ActiveCfg = Debug|x64
		{C8B5C46F-8187-4934-A817-E5F823B64067}.Debug|x64.Build.0 = Debug|x64
		{C8B5C46F-8187-4934-A817-E5F823B64067}.Debug|x86.ActiveCfg = Debug|Win32
		{C8B5C46F-8187-4934-A817-E5F823B64067}.Debug|x86.Build.0 = Debug|Win32
		{C8B5C46F-8187-4934-A817-E5F823B64067}.Release|x64.ActiveCfg = Release|x64
		{C8B5C46F-8187-4934-A817-E5F823B64067}.Release|x64.Build.0 = Release|x64
		{C8B5C46F-8187-4934-A817-E5F823B64067}.Release|x86.ActiveCfg = Release|Win32
		{C8B5C46F-8187-4934-A817-E5F823B64067}.Release|x86.Build.0 = Release|Win32
		{712BB2F2-E4C0-487C-A500-A014F4E5C0A5}.Debug|x64.ActiveCfg = Debug|x64
		{712BB2F2-E4C0-487C-A500-A014F4E5C0A5}.Debug|x64.Build.0 = Debug|x64
		{712BB2F2-E4C0-487C-A500-A014F4E5C0A5}.Debug|x86.ActiveCfg = Debug|Win32
		{712BB2F2-E4C0-487C-A500-A014F4E5C0A5}.Debug|x86.Build.0 = Debug|Win32
		{712BB2F2-E4C0-487C-A500-A014F4E5C0A5}.Release|x64.ActiveCfg = Release|x64
		{712BB2F2-E4C0-487C-A500-A014F4E5C0A5}.Release|x64.Build.0 = Release|x64
		{712BB2F2-E4C0-487C-A500-A014F4E5C0A5}.Release|x86.ActiveCfg = Release|Win32
		{712BB2F2-E4C0-487C-A500-A014F4E5C0A5}.Release|x86.Build.0 = Release|Win32
		{A350F54E-9393-4B20-AE8C-0422EAF8C83F}.Debug|x64.ActiveCfg = Debug|x64
		{A350F54E-9393-4B20-AE8C-0422EAF8C83F}.Debug|x64.Build.0 = Debug|x64
		{A350F54E-9393-4B20-AE8C-0422EAF8C83F}.Debug|x86.ActiveCfg = Debug|Win32
		{A350F54E-9393-4B20-AE8C-0422EAF8C83F}.Debug|x86.Build.0 = Debug|Win32
		{A350F54E-9393-4B20-AE8C-0422EAF8C83F}.Release|x64.ActiveCfg = Release|x64
		{A350F54E-9393-4B20-AE8C-0422EAF8C83F}.Release|x64.Build.0 = Release|x64
		{A350F54E-9393-4B20-AE8C-0422EAF8C83F}.Release|x86.ActiveCfg = Release|Win32
		{A350F54E-9393-4B20-AE8C-0422EAF8C83F}.Release|x86.Build.0 = Release|Win32
		{7F0584F2-8915-4191-A94D-2F1296CBEDD2}.Debug|x64.ActiveCfg = Debug|x64
		{7F0584F2-8915-4191-A94D-2F1296CBEDD2}.Debug|x64.Build.0 = Debug|x64
		{7F0584F2-8915-4191-A94D-2F1296CBEDD2}.Debug|x86.ActiveCfg = Debug|Win32
		{7F0584F2-8915-4191-A94D-2F1296CBEDD2}.Debug|x86.Build.0 = Debug|Win32
		{7F0584F2-8915-4191-A94D-2F1296CBEDD2}.Release|x64.ActiveCfg = Release|x64
		{7F0584F2-8915-4191-A94D-2F1296CBEDD2}.Release|x64.Build.0 = Release|x64
		{7F0584F2-8915-4191-A94D-2F1296CBEDD2}.Release|x86.ActiveCfg = Release|Win32
		{7F0584F2-8915-4191-A94D-2F1296CBEDD2}.Release|x86.Build.0 = Release|Win32
		{6655DA14-3448-4512-9D3A-7A4A1447CEF9}.Debug|x64.ActiveCfg = Debug|x64
		{6655DA14-3448-4512-9D3A-7A4A1447CEF9}.Debug|x64.Build.0 = Debug|x64
		{6655DA14-3448-4512-9D3A-7A4A1447CEF9}.Debug|x86.ActiveCfg = Debug|Win32
		{6655DA14-3448-4512-9D3A-7A4A1447CEF9}.Debug|x86.Build.0 = Debug|Win32
		{6655DA14-3448-4512-9D3A-7A4A1447CEF9}.Release|x64.ActiveCfg = Release|x64
		{6655DA14-3448-4512-9D3A-7A4A1447CEF9}.Release|x64.Build.0 = Release|x64
		{6655DA14-3448-4512-9D3A-7A4A1447CEF9}.Release|x86.ActiveCfg = Release|Win32
		{6655DA14-3448-4512-9D3A-7A4A1447CEF9}.Release|x86.Build.0 = Release|Win32
		{B646BD3F-3956-4255-9978-A62AB6BE6383}.Debug|x64.ActiveCfg = Debug|x64
		{B646BD3F-3956-4255-9978-A62AB6BE6383}.Debug|x64.Build.0 = Debug|x64
		{B646BD3F-3956-4255-9978-A62AB6BE6383}.Debug|x86.ActiveCfg = Debug|Win32
		{B646BD3F-3956-4255-9978-A62AB6BE6383}.Debug|x86.Build.0 = Debug|Win32
		{B646BD3F-3956-4255-9978-A62AB6BE6383}.Release|x64.ActiveCfg = Release|x64
		{B646BD3F-3956-4255-9978-A62AB6BE6383}.Release|x64.Build.0 = Release|x64
		{B646BD3F-3956-4255-9978-A62AB6BE6383}.Release|x86.ActiveCfg = Release|Win32
		{B646BD3F-3956-4255-9978-A62AB6BE6383}.Release|x86.Build.0 = Release|Win32
		{6A6919C9-E8C8-4CAC-BCEC-C295DB8E42AC}.Debug|x64.ActiveCfg = Debug|x64
		{6A6919C9-E8C8-4CAC-BCEC-C295DB8E42AC}.Debug|x64.Build.0 = Debug|x64
		{6A6919C9-E8C8-4CAC-BCEC-C295DB8E42AC}.Debug|x86.ActiveCfg = Debug|Win32
		{6A6919C9-E8C8-4CAC-BCEC-C295DB8E42AC}.Debug|x86.Build.0 = Debug|Win32
		{6A6919C9-E8C8-4CAC-BCEC-C295DB8E42AC}.Release|x64.ActiveCfg = Release|x64
		{6A6919C9-E8C8-4CAC-BCEC-C295DB8E42AC}.Release|x64.Build.0 = Release|x64
		{6A6919C9-E8C8-4CAC-BCEC-C295DB8E42AC}.Release|x86.ActiveCfg = Release|Win32
		{6A6919C9-E8C8-4CAC-BCEC-C295DB8E42AC}.Release|x86.Build.0 = Release|Win32
		{2FD2C71E-A0F9-428A-8C9F-86B1EA6C64DC}.Debug|x64.ActiveCfg = Debug|x64
		{2FD2C71E-A0F9-428A-8C9F-86B1EA6C64DC}.Debug|x64.Build.0 = Debug|x64
		{2FD2C71E-A0F9-428A-8C9F-86B1EA6C64DC}.Debug|x86.ActiveCfg = Debug|Win32
		{2FD2C71E-A0F9-428A-8C9F-86B1EA6C64DC}.Debug|x86.Build.0 = Debug|Win32
		{2FD2C71E-A0F9-428A-8C9F-86B1EA6C64DC}.Release|x64.ActiveCfg = Release|x64
		{2FD2C71E-A0F9-428A-8C9F-86B1EA6C64DC}.Release|x64.Build.0 = Release|x64
		{2FD2C71E-A0F9-428A-8C9F-86B1EA6C64DC}.Release|x86.ActiveCfg = Release|Win32
		{2FD2C71E-A0F9-428A-8C9F-86B1EA6C64DC}.Release|x86.Build.0 = Release|Win32
		{13542B17-6C81-45E2-9A78-2DBF12A2A37E}.Debug|x64.ActiveCfg = Debug|x64
		{13542B17-6C81-45E2-9A78-2DBF12A2A37E}.Debug|x64.Build.0 = Debug|x64
		{13542B17-6C81-45E2-9A78-2DBF12A2A37E}.Debug|x86.ActiveCfg = Debug|Win32
		{13542B17-6C81-45E2-9A78-2DBF12A2A37E}.Debug|x86.Build.0 = Debug|Win32
		{13542B17-6C81-45E2-9A78-2DBF12A2A37E}.Release|x64.ActiveCfg = Release|x64
		{13542B17-6C81-45E2-9A78-2DBF12A2A37E}.Release|x64.Build.0 = Release|x64
		{13542B17-6C81-45E2-9A78-2DBF12A2A37E}.Release|x86.ActiveCfg = Release|Win32
		{13542B17-6C81-45E2-9A78-2DBF12A2A37E}.Release|x86.Build.0 = Release|Win32
		{1E0A41C5-9E22-4F6F-8F9E-2DF2622BFC18}.Debug|x64.ActiveCfg = Debug|x64
		{1E0A41C5-9E22-4F6F-8F9E-2DF2622BFC18}.Debug|x64.Build.0 = Debug|x64
		{1E0A41C5-9E22-4F6F-8F9E-2DF2622BFC18}.Debug|x86.ActiveCfg = Debug|Win32
		{1E0A41C5-9E22-4F6F-8F9E-2DF2622BFC18}.Debug|x86.Build.0 = Debug|Win32
		{1E0A41C5-9E22-4F6F-8F9E-2DF2622BFC18}.Release|x64.ActiveCfg = Release|x64
		{1E0A41C5-9E22-4F6F-8F9E-2DF2622BFC18}.Release|x64.Build.0 = Release|x64
		{1E0A41C5-9E22-4F6F-8F9E-2DF2622BFC18}.Release|x86.ActiveCfg = Release|Win32
		{1E0A41C5-9E22-4F6F-8F9E-2DF2622BFC18}.Release|x86.Build.0 = Release|Win32
		{31F83034-9ACA-4327-816B-FED5C4C0AFED}.Debug|x64.ActiveCfg = Debug|x64
		{31F83034-9ACA-4327-816B-FED5C4C0AFED}.Debug|x64.Build.0 = Debug|x64
		{31F83034-9ACA-4327-816B-FED5C4C0AFED}.Debug|x86.ActiveCfg = Debug|Win32
		{31F83034-9ACA-4327-816B-FED5C4C0AFED}.Debug|x86.Build.0 = Debug|Win32
		{31F83034-9ACA-4327-816B-FED5C4C0AFED}.Release|x64.ActiveCfg = Release|x64
		{31F83034-9ACA-4327-816B-FED5C4C0AFED}.Release|x64.Build.0 = Release|x64
		{31F83034-9ACA-4327-816B-FED5C4C0AFED}.Release|x86.ActiveCfg = Release|Win32
		{31F83034-9ACA-4327-816B-FED5C4C0AFED}.Release|x86.Build.0 = Release|Win32
		{4241083A-C7E5-458C-866C-02F51B8F5BEE}.Debug|x64.ActiveCfg = Debug|x64
		{4241083A-C7E5-458C-866C-02F51B8F5BEE}.Debug|x64.Build.0 = Debug|x64
		{4241083A-C7E5-458C-866C-02F51B8F5BEE}.Debug|x86.ActiveCfg = Debug|Win32
		{4241083A-C7E5-458C-866C-02F51B8F5BEE}.Debug|x86.Build.0 = Debug|Win32
		{4241083A-C7E5-458C-866C-02F51B8F5BEE}.Release|x64.ActiveCfg = Release|x64
		{4241083A-C7E5-458C-866C-02F51B8F5BEE}.Release|x64.Build.0 = Release|x64
		{4241083A-C7E5-458C-866C-02F51B8F5BEE}.Release|x86.ActiveCfg = Release|Win32
		{4241083A-C7E5-458C-866C-02F51B8F5BEE}.Release|x86.Build.0 = Release|Win32
		{0BD8849F-5D20-41B5-822B-7E4C906BE793}.Debug|x64.ActiveCfg = Debug|x64
		{0BD8849F-5D20-41B5-822B-7E4C906BE793}.Debug|x64.Build.0 = Debug|x64
		{0BD8849F-5D20-41B5-822B-7E4C906BE793}.Debug|x86.ActiveCfg = Debug|Win32
		{0BD8849F-5D20-41B5-822B-7E4C906BE793}.Debug|x86.Build.0 = Debug|Win32
		{0BD8849F-5D20-41B5-822B-7E4C906BE793}.Release|x64.ActiveCfg = Release|x64
		{0BD8849F-5D20-41B5-822B-7E4C906BE793}.Release|x64.Build.0 = Release|x64
		{0BD8849F-5D20-41B5-822B-7E4C906BE793}.Release|x86.ActiveCfg = Release|Win32
		{0BD8849F-5D20-41B5-822B-7E4C906BE793}.Release|x86.Build.0 = Release|Win32
		{183A46FF-AFFF-4EBB-B4EC-62A142EA554C}.Debug|x64.ActiveCfg = Debug|x64
		{183A46FF-AFFF-4EBB-B4EC-62A142EA554C}.Debug|x64.Build.0 = Debug|x64
		{183A46FF-AFFF-4EBB-B4EC-62A142EA554C}.Debug|x86.ActiveCfg = Debug|Win32
		{183A46FF-AFFF-4EBB-B4EC-62A142EA554C}.Debug|x86.Build.0 = Debug|Win32
		{183A46FF-AFFF-4EBB-B4EC-62A142EA554C}.Release|x64.ActiveCfg = Release|x64
		{183A46FF-AFFF-4EBB-B4EC-62A142EA554C}.Release|x64.Build.0 = Release|x64
		{183A46FF-AFFF-4EBB-B4EC-62A142EA554C}.Release|x86.ActiveCfg = Release|Win32
		{183A46FF-AFFF-4EBB-B4EC-62A142EA554C}.Release|x86.Build.0 = Release|Win32
		{42DB488F-F0FE-4FF3-9FE2-B482DCC664E4}.Debug|x64.ActiveCfg = Debug|x64
		{42DB488F-F0FE-4FF3-9FE2-B482DCC664E4}.Debug|x64.Build.0 = Debug|x64
		{42DB488F-F0FE-4FF3-9FE2-B482DCC664E4}.Debug|x86.ActiveCfg = Debug|Win32
		{42DB488F-F0FE-4FF3-9FE2-B482DCC664E4}.Debug|x86.Build.0 = Debug|Win32
		{42DB488F-F0FE-4FF3-9FE2-B482DCC664E4}.Release|x64.ActiveCfg = Release|x64
		{42DB488F-F0FE-4FF3-9FE2-B482DCC664E4}.Release|x64.Build.0 = Release|x64
		{42DB488F-F0FE-4FF3-9FE2-B482DCC664E4}.Release|x86.ActiveCfg = Release|Win32
		{42DB488F-F0FE-4FF3-9FE2-B482DCC664E4}.Release|x86.Build.0 = Release|Win32
		{4D7CB0E9-D2F0-45C0-95D8-DB8745FF8B03}.Debug|x64.ActiveCfg = Debug|x64
		{4D7CB0E9-D2F0-45C0-95D8-DB8745FF8B03}.Debug|x64.Build.0 = Debug|x64
		{4D7CB0E9-D2F0-45C0-95D8-DB8745FF8B03}.Debug|x86.ActiveCfg = Debug|Win32
		{4D7CB0E9-D2F0-45C0-95D8-DB8745FF8B03}.Debug|x86.Build.0 = Debug|Win32
		{4D7CB0E9-D2F0-45C0-95D8-DB8745FF8B03}.Release|x64.ActiveCfg = Release|x64
		{4D7CB0E9-D2F0-45C0-95D8-DB8745FF8B03}.Release|x64.Build.0 = Release|x64
		{4D7CB0E9-D2F0-45C0-95D8-DB8745FF8B03}.Release|x86.ActiveCfg = Release|Win32
		{4D7CB0E9-D2F0-45C0-95D8-DB8745FF8B03}.Release|x86.Build.0 = Release|Win32
		{2D5BAC56-F1CF-4C9D-90E5-A31E63C5496E}.Debug|x64.ActiveCfg = Debug|x64
		{2D5BAC56-F1CF-4C9D-90E5-A31E63C5496E}.Debug|x64.Build.0 = Debug|x64
		{2D5BAC56-F1CF-4C9D-90E5-A31E63C5496E}.Debug|x86.ActiveCfg = Debug|Win32
		{2D5BAC56-F1CF-4C9D-90E5-A31E63C5496E}.Debug|x86.Build.0 = Debug|Win32
		{2D5BAC56-F1CF-4C9D-90E5-A31E63C5496E}.Release|x64.ActiveCfg = Release|x64
		{2D5BAC56-F1CF-4C9D-90E5-A31E63C5496E}.Release|x64.Build.0 = Release|x64
		{2D5BAC56-F1CF-4C9D-90E5-A31E63C5496E}.Release|x86.ActiveCfg = Release|Win32
		{2D5BAC56-F1CF-4C9D-90E5-A31E63C5496E}.Release|x86.Build.0 = Release|Win32
		{9AF81E37-8574-4CE7-9C28-A3D40EF3479B}.Debug|x64.ActiveCfg = Debug|x64
		{9AF81E37-8574-4CE7-9C28-A3D40EF3479B}.Debug|x64.Build.0 = Debug|x64
		{9AF81E37-8574-4CE7-9C28-A3D40EF3479B}.Debug|x86.ActiveCfg = Debug|Win32
		{9AF81E37-8574-4CE7-9C28-A3D40EF3479B}.Debug|x86.Build.0 = Debug|Win32
		{9AF81E37-8574-4CE7-9C28-A3D40EF3479B}.Release|x64.ActiveCfg = Release|x64
		{9AF81E37-8574-4CE7-9C28-A3D40EF3479B}.Release|x64.Build.0 = Release|x64
		{9AF81E37-8574-4CE7-9C28-A3D40EF3479B}.Release|x86.ActiveCfg = Release|Win32
		{9AF81E37-8574-4CE7-9C28-A3D40EF3479B}.Release|x86.Build.0 = Release|Win32
		{45430199-55F7-462A-A4E5-35C7FE47F0E8}.Debug|x64.ActiveCfg = Debug|x64
		{45430199-55F7-462A-A4E5-35C7FE47F0E8}.Debug|x64.Build.0 = Debug|x64
		{45430199-55F7-462A-A4E5-35C7FE47F0E8}.Debug|x86.ActiveCfg = Debug|Win32
		{45430199-55F7-462A-A4E5-35C7FE47F0E8}.Debug|x86.Build.0 = Debug|Win32
		{45430199-55F7-462A-A4E5-35C7FE47F0E8}.Release|x64.ActiveCfg = Release|x64
		{45430199-55F7-462A-A4E5-35C7FE47F0E8}.Release|x64.Build.0 = Release|x64
		{45430199-55F7-462A-A4E5-35C7FE47F0E8}.Release|x86.ActiveCfg = Release|Win32
		{45430199-55F7-462A-A4E5-35C7FE47F0E8}.Release|x86.Build.0 = Release|Win32
		{AFC8CBE9-8C89-407F-BEB3-999F920CC4AF}.Debug|x64.ActiveCfg = Debug|x64
		{AFC8CBE9-8C89-407F-BEB3-999F920CC4AF}.Debug|x64.Build.0 = Debug|x64
		{AFC8CBE9-8C89-407F-BEB3-999F920CC4AF}.Debug|x86.ActiveCfg = Debug|Win32
		{AFC8CBE9-8C89-407F-BEB3-999F920CC4AF}.Debug|x86.Build.0 = Debug|Win32
		{AFC8CBE9-8C89-407F-BEB3-999F920CC4AF}.Release|x64.ActiveCfg = Release|x64
		{AFC8CBE9-8C89-407F-BEB3-999F920CC4AF}.Release|x64.Build.0 = Release|x64
		{AFC8CBE9-8C89-407F-BEB3-999F920CC4AF}.Release|x86.ActiveCfg = Release|Win32
		{AFC8CBE9-8C89-407F-BEB3-999F920CC4AF}.Release|x86.Build.0 = Release|Win32
	EndGlobalSection
	GlobalSection(SolutionProperties) = preSolution
		HideSolutionNode = FALSE
	EndGlobalSection
	GlobalSection(NestedProjects) = preSolution
		{A350F54E-9393-4B20-AE8C-0422EAF8C83F} = {786D375D-4C19-4DAF-A6D4-2830E8CCECDC}
		{7F0584F2-8915-4191-A94D-2F1296CBEDD2} = {786D375D-4C19-4DAF-A6D4-2830E8CCECDC}
		{6655DA14-3448-4512-9D3A-7A4A1447CEF9} = {FBD0D2E8-A3A7-480A-9D8C-EB06B5C0F932}
		{B646BD3F-3956-4255-9978-A62AB6BE6383} = {FBD0D2E8-A3A7-480A-9D8C-EB06B5C0F932}
		{6A6919C9-E8C8-4CAC-BCEC-C295DB8E42AC} = {F6FDBA1C-305A-4247-9805-811003B29E10}
		{2FD2C71E-A0F9-428A-8C9F-86B1EA6C64DC} = {F6FDBA1C-305A-4247-9805-811003B29E10}
		{13542B17-6C81-45E2-9A78-2DBF12A2A37E} = {F6FDBA1C-305A-4247-9805-811003B29E10}
	EndGlobalSection
	GlobalSection(ExtensibilityGlobals) = postSolution
		SolutionGuid = {4713736A-EA6D-40DA-80AE-A5EFDEB53D79}
	EndGlobalSection
EndGlobal
